
Microsoft Visual Studio Solution File, Format Version 11.00
# Visual Studio 2010
Project("{FAE04EC0-301F-11D3-BF4B-00C04F79EFBC}") = "Tanks_Project", "Assembly-CSharp.csproj", "{698A4B63-9445-D2FD-98BF-FE10D50369A2}"
EndProject
Project("{FAE04EC0-301F-11D3-BF4B-00C04F79EFBC}") = "Tanks_Project", "Assembly-CSharp-firstpass.csproj", "{BD28AFEA-C277-84F1-3461-4FBB5152A985}"
EndProject
Project("{FAE04EC0-301F-11D3-BF4B-00C04F79EFBC}") = "Tanks_Project", "Assembly-CSharp-Editor.csproj", "{31C5C64E-0284-F4B2-8423-476FD96C376E}"
EndProject
Global
	GlobalSection(SolutionConfigurationPlatforms) = preSolution
		Debug|Any CPU = Debug|Any CPU
		Release|Any CPU = Release|Any CPU
	EndGlobalSection
	GlobalSection(ProjectConfigurationPlatforms) = postSolution
		{698A4B63-9445-D2FD-98BF-FE10D50369A2}.Debug|Any CPU.ActiveCfg = Debug|Any CPU
		{698A4B63-9445-D2FD-98BF-FE10D50369A2}.Debug|Any CPU.Build.0 = Debug|Any CPU
		{698A4B63-9445-D2FD-98BF-FE10D50369A2}.Release|Any CPU.ActiveCfg = Release|Any CPU
		{698A4B63-9445-D2FD-98BF-FE10D50369A2}.Release|Any CPU.Build.0 = Release|Any CPU
		{BD28AFEA-C277-84F1-3461-4FBB5152A985}.Debug|Any CPU.ActiveCfg = Debug|Any CPU
		{BD28AFEA-C277-84F1-3461-4FBB5152A985}.Debug|Any CPU.Build.0 = Debug|Any CPU
		{BD28AFEA-C277-84F1-3461-4FBB5152A985}.Release|Any CPU.ActiveCfg = Release|Any CPU
		{BD28AFEA-C277-84F1-3461-4FBB5152A985}.Release|Any CPU.Build.0 = Release|Any CPU
		{31C5C64E-0284-F4B2-8423-476FD96C376E}.Debug|Any CPU.ActiveCfg = Debug|Any CPU
		{31C5C64E-0284-F4B2-8423-476FD96C376E}.Debug|Any CPU.Build.0 = Debug|Any CPU
		{31C5C64E-0284-F4B2-8423-476FD96C376E}.Release|Any CPU.ActiveCfg = Release|Any CPU
		{31C5C64E-0284-F4B2-8423-476FD96C376E}.Release|Any CPU.Build.0 = Release|Any CPU
	EndGlobalSection
	GlobalSection(SolutionProperties) = preSolution
		HideSolutionNode = FALSE
	EndGlobalSection
	GlobalSection(MonoDevelopProperties) = preSolution
		StartupItem = Assembly-CSharp.csproj
	EndGlobalSection
EndGlobal
