
Microsoft Visual Studio Solution File, Format Version 11.00
# Visual Studio 2010
Project("{FAE04EC0-301F-11D3-BF4B-00C04F79EFBC}") = "Assembly-CSharp", "Assembly-CSharp.csproj", "{58BE5B5F-BB94-AD85-66D4-942668E6F6D3}"
EndProject
Project("{FAE04EC0-301F-11D3-BF4B-00C04F79EFBC}") = "Assembly-CSharp-firstpass", "Assembly-CSharp-firstpass.csproj", "{D695D9A6-575E-3C15-9B9B-CAAF1950EDE0}"
EndProject
Project("{FAE04EC0-301F-11D3-BF4B-00C04F79EFBC}") = "Assembly-CSharp-Editor", "Assembly-CSharp-Editor.csproj", "{A362575C-C76F-E539-0288-D58DEFE92F9F}"
EndProject
Global
	GlobalSection(SolutionConfigurationPlatforms) = preSolution
		Debug|Any CPU = Debug|Any CPU
		Release|Any CPU = Release|Any CPU
	EndGlobalSection
	GlobalSection(ProjectConfigurationPlatforms) = postSolution
		{58BE5B5F-BB94-AD85-66D4-942668E6F6D3}.Debug|Any CPU.ActiveCfg = Debug|Any CPU
		{58BE5B5F-BB94-AD85-66D4-942668E6F6D3}.Debug|Any CPU.Build.0 = Debug|Any CPU
		{58BE5B5F-BB94-AD85-66D4-942668E6F6D3}.Release|Any CPU.ActiveCfg = Release|Any CPU
		{58BE5B5F-BB94-AD85-66D4-942668E6F6D3}.Release|Any CPU.Build.0 = Release|Any CPU
		{D695D9A6-575E-3C15-9B9B-CAAF1950EDE0}.Debug|Any CPU.ActiveCfg = Debug|Any CPU
		{D695D9A6-575E-3C15-9B9B-CAAF1950EDE0}.Debug|Any CPU.Build.0 = Debug|Any CPU
		{D695D9A6-575E-3C15-9B9B-CAAF1950EDE0}.Release|Any CPU.ActiveCfg = Release|Any CPU
		{D695D9A6-575E-3C15-9B9B-CAAF1950EDE0}.Release|Any CPU.Build.0 = Release|Any CPU
		{A362575C-C76F-E539-0288-D58DEFE92F9F}.Debug|Any CPU.ActiveCfg = Debug|Any CPU
		{A362575C-C76F-E539-0288-D58DEFE92F9F}.Debug|Any CPU.Build.0 = Debug|Any CPU
		{A362575C-C76F-E539-0288-D58DEFE92F9F}.Release|Any CPU.ActiveCfg = Release|Any CPU
		{A362575C-C76F-E539-0288-D58DEFE92F9F}.Release|Any CPU.Build.0 = Release|Any CPU
	EndGlobalSection
	GlobalSection(SolutionProperties) = preSolution
		HideSolutionNode = FALSE
	EndGlobalSection
	GlobalSection(MonoDevelopProperties) = preSolution
		StartupItem = Assembly-CSharp.csproj
	EndGlobalSection
EndGlobal
